// !$*UTF8*$!
{
	archiveVersion = 1;
	classes = {
	};
	objectVersion = 51;
	objects = {

/* Begin PBXBuildFile section */
		C39D565B4445EE4BBD6B9C6E /* Pods_WordingMaker.framework in Frameworks */ = {isa = PBXBuildFile; fileRef = 39694B7C0357F6484677D9C2 /* Pods_WordingMaker.framework */; };
		D610E37226B65EEF0022D74F /* genreData.swift in Sources */ = {isa = PBXBuildFile; fileRef = D610E37126B65EEF0022D74F /* genreData.swift */; };
		D62A5AE626AB9CC300717DFD /* showGenreViewController.swift in Sources */ = {isa = PBXBuildFile; fileRef = D62A5AE526AB9CC300717DFD /* showGenreViewController.swift */; };
		D63C26CC26A78C370088BEE3 /* addGenreViewController.swift in Sources */ = {isa = PBXBuildFile; fileRef = D63C26CB26A78C370088BEE3 /* addGenreViewController.swift */; };
		D67A9D9326957CF20053BF1C /* AppDelegate.swift in Sources */ = {isa = PBXBuildFile; fileRef = D67A9D9226957CF20053BF1C /* AppDelegate.swift */; };
		D67A9D9526957CF20053BF1C /* SceneDelegate.swift in Sources */ = {isa = PBXBuildFile; fileRef = D67A9D9426957CF20053BF1C /* SceneDelegate.swift */; };
		D67A9D9A26957CF20053BF1C /* Main.storyboard in Resources */ = {isa = PBXBuildFile; fileRef = D67A9D9826957CF20053BF1C /* Main.storyboard */; };
		D67A9D9C26957CF30053BF1C /* Assets.xcassets in Resources */ = {isa = PBXBuildFile; fileRef = D67A9D9B26957CF30053BF1C /* Assets.xcassets */; };
		D67A9D9F26957CF30053BF1C /* LaunchScreen.storyboard in Resources */ = {isa = PBXBuildFile; fileRef = D67A9D9D26957CF30053BF1C /* LaunchScreen.storyboard */; };
		D67A9DA7269594F70053BF1C /* recordViewController.swift in Sources */ = {isa = PBXBuildFile; fileRef = D67A9DA6269594F70053BF1C /* recordViewController.swift */; };
		D67A9DA92695951B0053BF1C /* makeWordViewController.swift in Sources */ = {isa = PBXBuildFile; fileRef = D67A9DA82695951B0053BF1C /* makeWordViewController.swift */; };
		D67A9DAE2695D74D0053BF1C /* Data.swift in Sources */ = {isa = PBXBuildFile; fileRef = D67A9DAD2695D74D0053BF1C /* Data.swift */; };
		D67A9DB02696CD9C0053BF1C /* editViewController.swift in Sources */ = {isa = PBXBuildFile; fileRef = D67A9DAF2696CD9C0053BF1C /* editViewController.swift */; };
		D67A9DB2269BC51E0053BF1C /* startViewController.swift in Sources */ = {isa = PBXBuildFile; fileRef = D67A9DB1269BC51E0053BF1C /* startViewController.swift */; };
		D67A9DB4269BE6FA0053BF1C /* generateViewController.swift in Sources */ = {isa = PBXBuildFile; fileRef = D67A9DB3269BE6FA0053BF1C /* generateViewController.swift */; };
/* End PBXBuildFile section */

/* Begin PBXFileReference section */
		36126BB76A27281203620AC2 /* Pods-WordingMaker.debug.xcconfig */ = {isa = PBXFileReference; includeInIndex = 1; lastKnownFileType = text.xcconfig; name = "Pods-WordingMaker.debug.xcconfig"; path = "Target Support Files/Pods-WordingMaker/Pods-WordingMaker.debug.xcconfig"; sourceTree = "<group>"; };
		39694B7C0357F6484677D9C2 /* Pods_WordingMaker.framework */ = {isa = PBXFileReference; explicitFileType = wrapper.framework; includeInIndex = 0; path = Pods_WordingMaker.framework; sourceTree = BUILT_PRODUCTS_DIR; };
		5E9E6A43CA6B18B861F51A9F /* Pods-WordingMaker.release.xcconfig */ = {isa = PBXFileReference; includeInIndex = 1; lastKnownFileType = text.xcconfig; name = "Pods-WordingMaker.release.xcconfig"; path = "Target Support Files/Pods-WordingMaker/Pods-WordingMaker.release.xcconfig"; sourceTree = "<group>"; };
		D610E37126B65EEF0022D74F /* genreData.swift */ = {isa = PBXFileReference; lastKnownFileType = sourcecode.swift; path = genreData.swift; sourceTree = "<group>"; };
		D62A5AE526AB9CC300717DFD /* showGenreViewController.swift */ = {isa = PBXFileReference; lastKnownFileType = sourcecode.swift; path = showGenreViewController.swift; sourceTree = "<group>"; };
		D63C26CB26A78C370088BEE3 /* addGenreViewController.swift */ = {isa = PBXFileReference; lastKnownFileType = sourcecode.swift; path = addGenreViewController.swift; sourceTree = "<group>"; };
		D67A9D8F26957CF20053BF1C /* WordingMaker.app */ = {isa = PBXFileReference; explicitFileType = wrapper.application; includeInIndex = 0; path = WordingMaker.app; sourceTree = BUILT_PRODUCTS_DIR; };
		D67A9D9226957CF20053BF1C /* AppDelegate.swift */ = {isa = PBXFileReference; lastKnownFileType = sourcecode.swift; path = AppDelegate.swift; sourceTree = "<group>"; };
		D67A9D9426957CF20053BF1C /* SceneDelegate.swift */ = {isa = PBXFileReference; lastKnownFileType = sourcecode.swift; path = SceneDelegate.swift; sourceTree = "<group>"; };
		D67A9D9926957CF20053BF1C /* Base */ = {isa = PBXFileReference; lastKnownFileType = file.storyboard; name = Base; path = Base.lproj/Main.storyboard; sourceTree = "<group>"; };
		D67A9D9B26957CF30053BF1C /* Assets.xcassets */ = {isa = PBXFileReference; lastKnownFileType = folder.assetcatalog; path = Assets.xcassets; sourceTree = "<group>"; };
		D67A9D9E26957CF30053BF1C /* Base */ = {isa = PBXFileReference; lastKnownFileType = file.storyboard; name = Base; path = Base.lproj/LaunchScreen.storyboard; sourceTree = "<group>"; };
		D67A9DA026957CF30053BF1C /* Info.plist */ = {isa = PBXFileReference; lastKnownFileType = text.plist.xml; path = Info.plist; sourceTree = "<group>"; };
		D67A9DA6269594F70053BF1C /* recordViewController.swift */ = {isa = PBXFileReference; lastKnownFileType = sourcecode.swift; path = recordViewController.swift; sourceTree = "<group>"; };
		D67A9DA82695951B0053BF1C /* makeWordViewController.swift */ = {isa = PBXFileReference; lastKnownFileType = sourcecode.swift; path = makeWordViewController.swift; sourceTree = "<group>"; };
		D67A9DAD2695D74D0053BF1C /* Data.swift */ = {isa = PBXFileReference; lastKnownFileType = sourcecode.swift; path = Data.swift; sourceTree = "<group>"; };
		D67A9DAF2696CD9C0053BF1C /* editViewController.swift */ = {isa = PBXFileReference; lastKnownFileType = sourcecode.swift; path = editViewController.swift; sourceTree = "<group>"; };
		D67A9DB1269BC51E0053BF1C /* startViewController.swift */ = {isa = PBXFileReference; lastKnownFileType = sourcecode.swift; path = startViewController.swift; sourceTree = "<group>"; };
		D67A9DB3269BE6FA0053BF1C /* generateViewController.swift */ = {isa = PBXFileReference; lastKnownFileType = sourcecode.swift; path = generateViewController.swift; sourceTree = "<group>"; };
		D67A9DB7269FDA110053BF1C /* README.md */ = {isa = PBXFileReference; lastKnownFileType = net.daringfireball.markdown; path = README.md; sourceTree = "<group>"; };
/* End PBXFileReference section */

/* Begin PBXFrameworksBuildPhase section */
		D67A9D8C26957CF20053BF1C /* Frameworks */ = {
			isa = PBXFrameworksBuildPhase;
			buildActionMask = 2147483647;
			files = (
				C39D565B4445EE4BBD6B9C6E /* Pods_WordingMaker.framework in Frameworks */,
			);
			runOnlyForDeploymentPostprocessing = 0;
		};
/* End PBXFrameworksBuildPhase section */

/* Begin PBXGroup section */
		5742B3F14AED442EE1066452 /* Pods */ = {
			isa = PBXGroup;
			children = (
				36126BB76A27281203620AC2 /* Pods-WordingMaker.debug.xcconfig */,
				5E9E6A43CA6B18B861F51A9F /* Pods-WordingMaker.release.xcconfig */,
			);
			path = Pods;
			sourceTree = "<group>";
		};
		A4637CE1367E33986095A5D4 /* Frameworks */ = {
			isa = PBXGroup;
			children = (
				39694B7C0357F6484677D9C2 /* Pods_WordingMaker.framework */,
			);
			name = Frameworks;
			sourceTree = "<group>";
		};
		D67A9D8626957CF20053BF1C = {
			isa = PBXGroup;
			children = (
				D67A9D9126957CF20053BF1C /* WordingMaker */,
				D67A9D9026957CF20053BF1C /* Products */,
				5742B3F14AED442EE1066452 /* Pods */,
				A4637CE1367E33986095A5D4 /* Frameworks */,
			);
			sourceTree = "<group>";
		};
		D67A9D9026957CF20053BF1C /* Products */ = {
			isa = PBXGroup;
			children = (
				D67A9D8F26957CF20053BF1C /* WordingMaker.app */,
			);
			name = Products;
			sourceTree = "<group>";
		};
		D67A9D9126957CF20053BF1C /* WordingMaker */ = {
			isa = PBXGroup;
			children = (
				D67A9DAC269595CD0053BF1C /* Controllers */,
				D67A9DAB269595C60053BF1C /* Views */,
				D67A9DAA269595BD0053BF1C /* Models */,
				D67A9D9226957CF20053BF1C /* AppDelegate.swift */,
				D67A9D9426957CF20053BF1C /* SceneDelegate.swift */,
				D67A9D9B26957CF30053BF1C /* Assets.xcassets */,
				D67A9D9D26957CF30053BF1C /* LaunchScreen.storyboard */,
				D67A9DA026957CF30053BF1C /* Info.plist */,
				D67A9DB7269FDA110053BF1C /* README.md */,
			);
			path = WordingMaker;
			sourceTree = "<group>";
		};
		D67A9DAA269595BD0053BF1C /* Models */ = {
			isa = PBXGroup;
			children = (
				D67A9DAD2695D74D0053BF1C /* Data.swift */,
				D610E37126B65EEF0022D74F /* genreData.swift */,
			);
			path = Models;
			sourceTree = "<group>";
		};
		D67A9DAB269595C60053BF1C /* Views */ = {
			isa = PBXGroup;
			children = (
				D67A9D9826957CF20053BF1C /* Main.storyboard */,
			);
			path = Views;
			sourceTree = "<group>";
		};
		D67A9DAC269595CD0053BF1C /* Controllers */ = {
			isa = PBXGroup;
			children = (
				D67A9DB1269BC51E0053BF1C /* startViewController.swift */,
				D67A9DA6269594F70053BF1C /* recordViewController.swift */,
				D67A9DAF2696CD9C0053BF1C /* editViewController.swift */,
				D67A9DA82695951B0053BF1C /* makeWordViewController.swift */,
				D67A9DB3269BE6FA0053BF1C /* generateViewController.swift */,
				D63C26CB26A78C370088BEE3 /* addGenreViewController.swift */,
				D62A5AE526AB9CC300717DFD /* showGenreViewController.swift */,
			);
			path = Controllers;
			sourceTree = "<group>";
		};
/* End PBXGroup section */

/* Begin PBXNativeTarget section */
		D67A9D8E26957CF20053BF1C /* WordingMaker */ = {
			isa = PBXNativeTarget;
			buildConfigurationList = D67A9DA326957CF30053BF1C /* Build configuration list for PBXNativeTarget "WordingMaker" */;
			buildPhases = (
				BAD7B42EC29933C198F48E85 /* [CP] Check Pods Manifest.lock */,
				D67A9D8B26957CF20053BF1C /* Sources */,
				D67A9D8C26957CF20053BF1C /* Frameworks */,
				D67A9D8D26957CF20053BF1C /* Resources */,
				F9CF613ABDE30A5374B4F669 /* [CP] Embed Pods Frameworks */,
			);
			buildRules = (
			);
			dependencies = (
			);
			name = WordingMaker;
			productName = WordingMaker;
			productReference = D67A9D8F26957CF20053BF1C /* WordingMaker.app */;
			productType = "com.apple.product-type.application";
		};
/* End PBXNativeTarget section */

/* Begin PBXProject section */
		D67A9D8726957CF20053BF1C /* Project object */ = {
			isa = PBXProject;
			attributes = {
				LastSwiftUpdateCheck = 1250;
				LastUpgradeCheck = 1250;
				TargetAttributes = {
					D67A9D8E26957CF20053BF1C = {
						CreatedOnToolsVersion = 12.5.1;
					};
				};
			};
			buildConfigurationList = D67A9D8A26957CF20053BF1C /* Build configuration list for PBXProject "WordingMaker" */;
			compatibilityVersion = "Xcode 9.3";
			developmentRegion = en;
			hasScannedForEncodings = 0;
			knownRegions = (
				en,
				Base,
			);
			mainGroup = D67A9D8626957CF20053BF1C;
			productRefGroup = D67A9D9026957CF20053BF1C /* Products */;
			projectDirPath = "";
			projectRoot = "";
			targets = (
				D67A9D8E26957CF20053BF1C /* WordingMaker */,
			);
		};
/* End PBXProject section */

/* Begin PBXResourcesBuildPhase section */
		D67A9D8D26957CF20053BF1C /* Resources */ = {
			isa = PBXResourcesBuildPhase;
			buildActionMask = 2147483647;
			files = (
				D67A9D9F26957CF30053BF1C /* LaunchScreen.storyboard in Resources */,
				D67A9D9C26957CF30053BF1C /* Assets.xcassets in Resources */,
				D67A9D9A26957CF20053BF1C /* Main.storyboard in Resources */,
			);
			runOnlyForDeploymentPostprocessing = 0;
		};
/* End PBXResourcesBuildPhase section */

/* Begin PBXShellScriptBuildPhase section */
		BAD7B42EC29933C198F48E85 /* [CP] Check Pods Manifest.lock */ = {
			isa = PBXShellScriptBuildPhase;
			buildActionMask = 2147483647;
			files = (
			);
			inputFileListPaths = (
			);
			inputPaths = (
				"${PODS_PODFILE_DIR_PATH}/Podfile.lock",
				"${PODS_ROOT}/Manifest.lock",
			);
			name = "[CP] Check Pods Manifest.lock";
			outputFileListPaths = (
			);
			outputPaths = (
				"$(DERIVED_FILE_DIR)/Pods-WordingMaker-checkManifestLockResult.txt",
			);
			runOnlyForDeploymentPostprocessing = 0;
			shellPath = /bin/sh;
			shellScript = "diff \"${PODS_PODFILE_DIR_PATH}/Podfile.lock\" \"${PODS_ROOT}/Manifest.lock\" > /dev/null\nif [ $? != 0 ] ; then\n    # print error to STDERR\n    echo \"error: The sandbox is not in sync with the Podfile.lock. Run 'pod install' or update your CocoaPods installation.\" >&2\n    exit 1\nfi\n# This output is used by Xcode 'outputs' to avoid re-running this script phase.\necho \"SUCCESS\" > \"${SCRIPT_OUTPUT_FILE_0}\"\n";
			showEnvVarsInLog = 0;
		};
		F9CF613ABDE30A5374B4F669 /* [CP] Embed Pods Frameworks */ = {
			isa = PBXShellScriptBuildPhase;
			buildActionMask = 2147483647;
			files = (
			);
			inputFileListPaths = (
				"${PODS_ROOT}/Target Support Files/Pods-WordingMaker/Pods-WordingMaker-frameworks-${CONFIGURATION}-input-files.xcfilelist",
			);
			name = "[CP] Embed Pods Frameworks";
			outputFileListPaths = (
				"${PODS_ROOT}/Target Support Files/Pods-WordingMaker/Pods-WordingMaker-frameworks-${CONFIGURATION}-output-files.xcfilelist",
			);
			runOnlyForDeploymentPostprocessing = 0;
			shellPath = /bin/sh;
			shellScript = "\"${PODS_ROOT}/Target Support Files/Pods-WordingMaker/Pods-WordingMaker-frameworks.sh\"\n";
			showEnvVarsInLog = 0;
		};
/* End PBXShellScriptBuildPhase section */

/* Begin PBXSourcesBuildPhase section */
		D67A9D8B26957CF20053BF1C /* Sources */ = {
			isa = PBXSourcesBuildPhase;
			buildActionMask = 2147483647;
			files = (
				D67A9D9326957CF20053BF1C /* AppDelegate.swift in Sources */,
				D67A9DB4269BE6FA0053BF1C /* generateViewController.swift in Sources */,
				D63C26CC26A78C370088BEE3 /* addGenreViewController.swift in Sources */,
				D67A9DB2269BC51E0053BF1C /* startViewController.swift in Sources */,
				D610E37226B65EEF0022D74F /* genreData.swift in Sources */,
				D67A9DAE2695D74D0053BF1C /* Data.swift in Sources */,
				D67A9DA92695951B0053BF1C /* makeWordViewController.swift in Sources */,
				D62A5AE626AB9CC300717DFD /* showGenreViewController.swift in Sources */,
				D67A9D9526957CF20053BF1C /* SceneDelegate.swift in Sources */,
				D67A9DB02696CD9C0053BF1C /* editViewController.swift in Sources */,
				D67A9DA7269594F70053BF1C /* recordViewController.swift in Sources */,
			);
			runOnlyForDeploymentPostprocessing = 0;
		};
/* End PBXSourcesBuildPhase section */

/* Begin PBXVariantGroup section */
		D67A9D9826957CF20053BF1C /* Main.storyboard */ = {
			isa = PBXVariantGroup;
			children = (
				D67A9D9926957CF20053BF1C /* Base */,
			);
			name = Main.storyboard;
			sourceTree = "<group>";
		};
		D67A9D9D26957CF30053BF1C /* LaunchScreen.storyboard */ = {
			isa = PBXVariantGroup;
			children = (
				D67A9D9E26957CF30053BF1C /* Base */,
			);
			name = LaunchScreen.storyboard;
			sourceTree = "<group>";
		};
/* End PBXVariantGroup section */

/* Begin XCBuildConfiguration section */
		D67A9DA126957CF30053BF1C /* Debug */ = {
			isa = XCBuildConfiguration;
			buildSettings = {
				ALWAYS_SEARCH_USER_PATHS = NO;
				CLANG_ANALYZER_NONNULL = YES;
				CLANG_ANALYZER_NUMBER_OBJECT_CONVERSION = YES_AGGRESSIVE;
				CLANG_CXX_LANGUAGE_STANDARD = "gnu++14";
				CLANG_CXX_LIBRARY = "libc++";
				CLANG_ENABLE_MODULES = YES;
				CLANG_ENABLE_OBJC_ARC = YES;
				CLANG_ENABLE_OBJC_WEAK = YES;
				CLANG_WARN_BLOCK_CAPTURE_AUTORELEASING = YES;
				CLANG_WARN_BOOL_CONVERSION = YES;
				CLANG_WARN_COMMA = YES;
				CLANG_WARN_CONSTANT_CONVERSION = YES;
				CLANG_WARN_DEPRECATED_OBJC_IMPLEMENTATIONS = YES;
				CLANG_WARN_DIRECT_OBJC_ISA_USAGE = YES_ERROR;
				CLANG_WARN_DOCUMENTATION_COMMENTS = YES;
				CLANG_WARN_EMPTY_BODY = YES;
				CLANG_WARN_ENUM_CONVERSION = YES;
				CLANG_WARN_INFINITE_RECURSION = YES;
				CLANG_WARN_INT_CONVERSION = YES;
				CLANG_WARN_NON_LITERAL_NULL_CONVERSION = YES;
				CLANG_WARN_OBJC_IMPLICIT_RETAIN_SELF = YES;
				CLANG_WARN_OBJC_LITERAL_CONVERSION = YES;
				CLANG_WARN_OBJC_ROOT_CLASS = YES_ERROR;
				CLANG_WARN_QUOTED_INCLUDE_IN_FRAMEWORK_HEADER = YES;
				CLANG_WARN_RANGE_LOOP_ANALYSIS = YES;
				CLANG_WARN_STRICT_PROTOTYPES = YES;
				CLANG_WARN_SUSPICIOUS_MOVE = YES;
				CLANG_WARN_UNGUARDED_AVAILABILITY = YES_AGGRESSIVE;
				CLANG_WARN_UNREACHABLE_CODE = YES;
				CLANG_WARN__DUPLICATE_METHOD_MATCH = YES;
				COPY_PHASE_STRIP = NO;
				DEBUG_INFORMATION_FORMAT = dwarf;
				ENABLE_STRICT_OBJC_MSGSEND = YES;
				ENABLE_TESTABILITY = YES;
				GCC_C_LANGUAGE_STANDARD = gnu11;
				GCC_DYNAMIC_NO_PIC = NO;
				GCC_NO_COMMON_BLOCKS = YES;
				GCC_OPTIMIZATION_LEVEL = 0;
				GCC_PREPROCESSOR_DEFINITIONS = (
					"DEBUG=1",
					"$(inherited)",
				);
				GCC_WARN_64_TO_32_BIT_CONVERSION = YES;
				GCC_WARN_ABOUT_RETURN_TYPE = YES_ERROR;
				GCC_WARN_UNDECLARED_SELECTOR = YES;
				GCC_WARN_UNINITIALIZED_AUTOS = YES_AGGRESSIVE;
				GCC_WARN_UNUSED_FUNCTION = YES;
				GCC_WARN_UNUSED_VARIABLE = YES;
				IPHONEOS_DEPLOYMENT_TARGET = 14.5;
				MTL_ENABLE_DEBUG_INFO = INCLUDE_SOURCE;
				MTL_FAST_MATH = YES;
				ONLY_ACTIVE_ARCH = YES;
				SDKROOT = iphoneos;
				SWIFT_ACTIVE_COMPILATION_CONDITIONS = DEBUG;
				SWIFT_OPTIMIZATION_LEVEL = "-Onone";
			};
			name = Debug;
		};
		D67A9DA226957CF30053BF1C /* Release */ = {
			isa = XCBuildConfiguration;
			buildSettings = {
				ALWAYS_SEARCH_USER_PATHS = NO;
				CLANG_ANALYZER_NONNULL = YES;
				CLANG_ANALYZER_NUMBER_OBJECT_CONVERSION = YES_AGGRESSIVE;
				CLANG_CXX_LANGUAGE_STANDARD = "gnu++14";
				CLANG_CXX_LIBRARY = "libc++";
				CLANG_ENABLE_MODULES = YES;
				CLANG_ENABLE_OBJC_ARC = YES;
				CLANG_ENABLE_OBJC_WEAK = YES;
				CLANG_WARN_BLOCK_CAPTURE_AUTORELEASING = YES;
				CLANG_WARN_BOOL_CONVERSION = YES;
				CLANG_WARN_COMMA = YES;
				CLANG_WARN_CONSTANT_CONVERSION = YES;
				CLANG_WARN_DEPRECATED_OBJC_IMPLEMENTATIONS = YES;
				CLANG_WARN_DIRECT_OBJC_ISA_USAGE = YES_ERROR;
				CLANG_WARN_DOCUMENTATION_COMMENTS = YES;
				CLANG_WARN_EMPTY_BODY = YES;
				CLANG_WARN_ENUM_CONVERSION = YES;
				CLANG_WARN_INFINITE_RECURSION = YES;
				CLANG_WARN_INT_CONVERSION = YES;
				CLANG_WARN_NON_LITERAL_NULL_CONVERSION = YES;
				CLANG_WARN_OBJC_IMPLICIT_RETAIN_SELF = YES;
				CLANG_WARN_OBJC_LITERAL_CONVERSION = YES;
				CLANG_WARN_OBJC_ROOT_CLASS = YES_ERROR;
				CLANG_WARN_QUOTED_INCLUDE_IN_FRAMEWORK_HEADER = YES;
				CLANG_WARN_RANGE_LOOP_ANALYSIS = YES;
				CLANG_WARN_STRICT_PROTOTYPES = YES;
				CLANG_WARN_SUSPICIOUS_MOVE = YES;
				CLANG_WARN_UNGUARDED_AVAILABILITY = YES_AGGRESSIVE;
				CLANG_WARN_UNREACHABLE_CODE = YES;
				CLANG_WARN__DUPLICATE_METHOD_MATCH = YES;
				COPY_PHASE_STRIP = NO;
				DEBUG_INFORMATION_FORMAT = "dwarf-with-dsym";
				ENABLE_NS_ASSERTIONS = NO;
				ENABLE_STRICT_OBJC_MSGSEND = YES;
				GCC_C_LANGUAGE_STANDARD = gnu11;
				GCC_NO_COMMON_BLOCKS = YES;
				GCC_WARN_64_TO_32_BIT_CONVERSION = YES;
				GCC_WARN_ABOUT_RETURN_TYPE = YES_ERROR;
				GCC_WARN_UNDECLARED_SELECTOR = YES;
				GCC_WARN_UNINITIALIZED_AUTOS = YES_AGGRESSIVE;
				GCC_WARN_UNUSED_FUNCTION = YES;
				GCC_WARN_UNUSED_VARIABLE = YES;
				IPHONEOS_DEPLOYMENT_TARGET = 14.5;
				MTL_ENABLE_DEBUG_INFO = NO;
				MTL_FAST_MATH = YES;
				SDKROOT = iphoneos;
				SWIFT_COMPILATION_MODE = wholemodule;
				SWIFT_OPTIMIZATION_LEVEL = "-O";
				VALIDATE_PRODUCT = YES;
			};
			name = Release;
		};
		D67A9DA426957CF30053BF1C /* Debug */ = {
			isa = XCBuildConfiguration;
			baseConfigurationReference = 36126BB76A27281203620AC2 /* Pods-WordingMaker.debug.xcconfig */;
			buildSettings = {
				ASSETCATALOG_COMPILER_APPICON_NAME = AppIcon;
				ASSETCATALOG_COMPILER_GLOBAL_ACCENT_COLOR_NAME = AccentColor;
				CODE_SIGN_STYLE = Automatic;
				DEVELOPMENT_TEAM = 5257RK9349;
				INFOPLIST_FILE = WordingMaker/Info.plist;
				LD_RUNPATH_SEARCH_PATHS = (
					"$(inherited)",
					"@executable_path/Frameworks",
				);
				PRODUCT_BUNDLE_IDENTIFIER = com.hirokei.WordingMaker;
				PRODUCT_NAME = "$(TARGET_NAME)";
				SWIFT_VERSION = 5.0;
				TARGETED_DEVICE_FAMILY = "1,2";
			};
			name = Debug;
		};
		D67A9DA526957CF30053BF1C /* Release */ = {
			isa = XCBuildConfiguration;
			baseConfigurationReference = 5E9E6A43CA6B18B861F51A9F /* Pods-WordingMaker.release.xcconfig */;
			buildSettings = {
				ASSETCATALOG_COMPILER_APPICON_NAME = AppIcon;
				ASSETCATALOG_COMPILER_GLOBAL_ACCENT_COLOR_NAME = AccentColor;
				CODE_SIGN_STYLE = Automatic;
				DEVELOPMENT_TEAM = 5257RK9349;
				INFOPLIST_FILE = WordingMaker/Info.plist;
				LD_RUNPATH_SEARCH_PATHS = (
					"$(inherited)",
					"@executable_path/Frameworks",
				);
				PRODUCT_BUNDLE_IDENTIFIER = com.hirokei.WordingMaker;
				PRODUCT_NAME = "$(TARGET_NAME)";
				SWIFT_VERSION = 5.0;
				TARGETED_DEVICE_FAMILY = "1,2";
			};
			name = Release;
		};
/* End XCBuildConfiguration section */

/* Begin XCConfigurationList section */
		D67A9D8A26957CF20053BF1C /* Build configuration list for PBXProject "WordingMaker" */ = {
			isa = XCConfigurationList;
			buildConfigurations = (
				D67A9DA126957CF30053BF1C /* Debug */,
				D67A9DA226957CF30053BF1C /* Release */,
			);
			defaultConfigurationIsVisible = 0;
			defaultConfigurationName = Release;
		};
		D67A9DA326957CF30053BF1C /* Build configuration list for PBXNativeTarget "WordingMaker" */ = {
			isa = XCConfigurationList;
			buildConfigurations = (
				D67A9DA426957CF30053BF1C /* Debug */,
				D67A9DA526957CF30053BF1C /* Release */,
			);
			defaultConfigurationIsVisible = 0;
			defaultConfigurationName = Release;
		};
/* End XCConfigurationList section */
	};
	rootObject = D67A9D8726957CF20053BF1C /* Project object */;
}
